// !$*UTF8*$!
{
	archiveVersion = 1;
	classes = {
	};
	objectVersion = 48;
	objects = {

/* Begin PBXBuildFile section */
		AB1AE2851FBE1A8800048091 /* AddBookController.swift in Sources */ = {isa = PBXBuildFile; fileRef = AB1AE2841FBE1A8800048091 /* AddBookController.swift */; };
		AB1AE2871FBE2D8100048091 /* BookDataSource.swift in Sources */ = {isa = PBXBuildFile; fileRef = AB1AE2861FBE2D8100048091 /* BookDataSource.swift */; };
		AB44A4BB1FBCDD2C006F5316 /* BookDetailController.swift in Sources */ = {isa = PBXBuildFile; fileRef = AB44A4BA1FBCDD2C006F5316 /* BookDetailController.swift */; };
		AB45B3441FBCA49600D360C6 /* AppDelegate.swift in Sources */ = {isa = PBXBuildFile; fileRef = AB45B3431FBCA49600D360C6 /* AppDelegate.swift */; };
		AB45B3491FBCA49600D360C6 /* Main.storyboard in Resources */ = {isa = PBXBuildFile; fileRef = AB45B3471FBCA49600D360C6 /* Main.storyboard */; };
		AB45B34B1FBCA49600D360C6 /* Assets.xcassets in Resources */ = {isa = PBXBuildFile; fileRef = AB45B34A1FBCA49600D360C6 /* Assets.xcassets */; };
		AB45B34E1FBCA49600D360C6 /* LaunchScreen.storyboard in Resources */ = {isa = PBXBuildFile; fileRef = AB45B34C1FBCA49600D360C6 /* LaunchScreen.storyboard */; };
		AB6DA1961FBDECD400242085 /* EditBookController.swift in Sources */ = {isa = PBXBuildFile; fileRef = AB6DA1951FBDECD400242085 /* EditBookController.swift */; };
		AB6DA1981FBDEDCA00242085 /* EditBookCell.swift in Sources */ = {isa = PBXBuildFile; fileRef = AB6DA1971FBDEDCA00242085 /* EditBookCell.swift */; };
		AB6DA19A1FBDF82500242085 /* UIStoryboardSegue+ReadingListAdditions.swift in Sources */ = {isa = PBXBuildFile; fileRef = AB6DA1991FBDF82500242085 /* UIStoryboardSegue+ReadingListAdditions.swift */; };
		AB8894D81FBCD8B7001AF2CB /* ReadingListController.swift in Sources */ = {isa = PBXBuildFile; fileRef = AB8894D71FBCD8B7001AF2CB /* ReadingListController.swift */; };
		ABEBF9C01FBF7EF000023946 /* UndoManaging.swift in Sources */ = {isa = PBXBuildFile; fileRef = ABEBF9BF1FBF7EF000023946 /* UndoManaging.swift */; };
		ABEBF9C21FBF7FFF00023946 /* UndoRedo.xib in Resources */ = {isa = PBXBuildFile; fileRef = ABEBF9C11FBF7FFF00023946 /* UndoRedo.xib */; };
		ABEBF9D51FBF93C400023946 /* Austen.png in Resources */ = {isa = PBXBuildFile; fileRef = ABEBF9C41FBF93C400023946 /* Austen.png */; };
		ABEBF9D61FBF93C400023946 /* Bacon.png in Resources */ = {isa = PBXBuildFile; fileRef = ABEBF9C51FBF93C400023946 /* Bacon.png */; };
		ABEBF9D71FBF93C400023946 /* Carroll.png in Resources */ = {isa = PBXBuildFile; fileRef = ABEBF9C61FBF93C400023946 /* Carroll.png */; };
		ABEBF9D81FBF93C400023946 /* Dostoevsky.png in Resources */ = {isa = PBXBuildFile; fileRef = ABEBF9C71FBF93C400023946 /* Dostoevsky.png */; };
		ABEBF9D91FBF93C400023946 /* Eliot.png in Resources */ = {isa = PBXBuildFile; fileRef = ABEBF9C81FBF93C400023946 /* Eliot.png */; };
		ABEBF9DA1FBF93C400023946 /* Emerson.png in Resources */ = {isa = PBXBuildFile; fileRef = ABEBF9C91FBF93C400023946 /* Emerson.png */; };
		ABEBF9DB1FBF93C400023946 /* Hemingway.png in Resources */ = {isa = PBXBuildFile; fileRef = ABEBF9CA1FBF93C400023946 /* Hemingway.png */; };
		ABEBF9DC1FBF93C400023946 /* Milne.png in Resources */ = {isa = PBXBuildFile; fileRef = ABEBF9CB1FBF93C400023946 /* Milne.png */; };
		ABEBF9DD1FBF93C400023946 /* More.png in Resources */ = {isa = PBXBuildFile; fileRef = ABEBF9CC1FBF93C400023946 /* More.png */; };
		ABEBF9DE1FBF93C400023946 /* Newton.png in Resources */ = {isa = PBXBuildFile; fileRef = ABEBF9CD1FBF93C400023946 /* Newton.png */; };
		ABEBF9DF1FBF93C400023946 /* NoImage.png in Resources */ = {isa = PBXBuildFile; fileRef = ABEBF9CE1FBF93C400023946 /* NoImage.png */; };
		ABEBF9E01FBF93C400023946 /* Shakespeare.png in Resources */ = {isa = PBXBuildFile; fileRef = ABEBF9CF1FBF93C400023946 /* Shakespeare.png */; };
		ABEBF9E11FBF93C400023946 /* Thoreau.jpg in Resources */ = {isa = PBXBuildFile; fileRef = ABEBF9D01FBF93C400023946 /* Thoreau.jpg */; };
		ABEBF9E21FBF93C400023946 /* Tolstoy.png in Resources */ = {isa = PBXBuildFile; fileRef = ABEBF9D11FBF93C400023946 /* Tolstoy.png */; };
		ABEBF9E31FBF93C400023946 /* Twain.png in Resources */ = {isa = PBXBuildFile; fileRef = ABEBF9D21FBF93C400023946 /* Twain.png */; };
		ABEBF9E41FBF93C400023946 /* Wells.png in Resources */ = {isa = PBXBuildFile; fileRef = ABEBF9D31FBF93C400023946 /* Wells.png */; };
		ABEBF9E51FBF93C400023946 /* Whitman.png in Resources */ = {isa = PBXBuildFile; fileRef = ABEBF9D41FBF93C400023946 /* Whitman.png */; };
		ABF48EC91FBCDF4200516608 /* BookDetail.storyboard in Resources */ = {isa = PBXBuildFile; fileRef = ABF48EC71FBCDF4200516608 /* BookDetail.storyboard */; };
		ABF48ECB1FBCE1E200516608 /* AddBook.storyboard in Resources */ = {isa = PBXBuildFile; fileRef = ABF48ECA1FBCE1E200516608 /* AddBook.storyboard */; };
		ABF48ED51FBCF49A00516608 /* Author.swift in Sources */ = {isa = PBXBuildFile; fileRef = ABF48ECD1FBCF49A00516608 /* Author.swift */; };
		ABF48ED61FBCF49A00516608 /* Book.swift in Sources */ = {isa = PBXBuildFile; fileRef = ABF48ECE1FBCF49A00516608 /* Book.swift */; };
		ABF48ED71FBCF49A00516608 /* BooksAndAuthors.plist in Resources */ = {isa = PBXBuildFile; fileRef = ABF48ECF1FBCF49A00516608 /* BooksAndAuthors.plist */; };
		ABF48ED81FBCF49A00516608 /* Info.plist in Resources */ = {isa = PBXBuildFile; fileRef = ABF48ED01FBCF49A00516608 /* Info.plist */; };
		ABF48ED91FBCF49A00516608 /* ModelObject.swift in Sources */ = {isa = PBXBuildFile; fileRef = ABF48ED11FBCF49A00516608 /* ModelObject.swift */; };
		ABF48EDA1FBCF49A00516608 /* ReadingList.swift in Sources */ = {isa = PBXBuildFile; fileRef = ABF48ED21FBCF49A00516608 /* ReadingList.swift */; };
		ABF48EDB1FBCF49A00516608 /* ReadingListStore.swift in Sources */ = {isa = PBXBuildFile; fileRef = ABF48ED41FBCF49A00516608 /* ReadingListStore.swift */; };
/* End PBXBuildFile section */

/* Begin PBXFileReference section */
		AB1AE2841FBE1A8800048091 /* AddBookController.swift */ = {isa = PBXFileReference; lastKnownFileType = sourcecode.swift; path = AddBookController.swift; sourceTree = "<group>"; };
		AB1AE2861FBE2D8100048091 /* BookDataSource.swift */ = {isa = PBXFileReference; lastKnownFileType = sourcecode.swift; path = BookDataSource.swift; sourceTree = "<group>"; };
		AB44A4BA1FBCDD2C006F5316 /* BookDetailController.swift */ = {isa = PBXFileReference; lastKnownFileType = sourcecode.swift; path = BookDetailController.swift; sourceTree = "<group>"; };
		AB45B3401FBCA49600D360C6 /* ReadingList.app */ = {isa = PBXFileReference; explicitFileType = wrapper.application; includeInIndex = 0; path = ReadingList.app; sourceTree = BUILT_PRODUCTS_DIR; };
		AB45B3431FBCA49600D360C6 /* AppDelegate.swift */ = {isa = PBXFileReference; lastKnownFileType = sourcecode.swift; path = AppDelegate.swift; sourceTree = "<group>"; };
		AB45B3481FBCA49600D360C6 /* Base */ = {isa = PBXFileReference; lastKnownFileType = file.storyboard; name = Base; path = Base.lproj/Main.storyboard; sourceTree = "<group>"; };
		AB45B34A1FBCA49600D360C6 /* Assets.xcassets */ = {isa = PBXFileReference; lastKnownFileType = folder.assetcatalog; path = Assets.xcassets; sourceTree = "<group>"; };
		AB45B34D1FBCA49600D360C6 /* Base */ = {isa = PBXFileReference; lastKnownFileType = file.storyboard; name = Base; path = Base.lproj/LaunchScreen.storyboard; sourceTree = "<group>"; };
		AB45B34F1FBCA49600D360C6 /* Info.plist */ = {isa = PBXFileReference; lastKnownFileType = text.plist.xml; path = Info.plist; sourceTree = "<group>"; };
		AB6DA1951FBDECD400242085 /* EditBookController.swift */ = {isa = PBXFileReference; lastKnownFileType = sourcecode.swift; path = EditBookController.swift; sourceTree = "<group>"; };
		AB6DA1971FBDEDCA00242085 /* EditBookCell.swift */ = {isa = PBXFileReference; lastKnownFileType = sourcecode.swift; path = EditBookCell.swift; sourceTree = "<group>"; };
		AB6DA1991FBDF82500242085 /* UIStoryboardSegue+ReadingListAdditions.swift */ = {isa = PBXFileReference; lastKnownFileType = sourcecode.swift; path = "UIStoryboardSegue+ReadingListAdditions.swift"; sourceTree = "<group>"; };
		AB8894D71FBCD8B7001AF2CB /* ReadingListController.swift */ = {isa = PBXFileReference; lastKnownFileType = sourcecode.swift; path = ReadingListController.swift; sourceTree = "<group>"; };
		ABEBF9BF1FBF7EF000023946 /* UndoManaging.swift */ = {isa = PBXFileReference; lastKnownFileType = sourcecode.swift; path = UndoManaging.swift; sourceTree = "<group>"; };
		ABEBF9C11FBF7FFF00023946 /* UndoRedo.xib */ = {isa = PBXFileReference; lastKnownFileType = file.xib; path = UndoRedo.xib; sourceTree = "<group>"; };
		ABEBF9C41FBF93C400023946 /* Austen.png */ = {isa = PBXFileReference; lastKnownFileType = image.png; path = Austen.png; sourceTree = "<group>"; };
		ABEBF9C51FBF93C400023946 /* Bacon.png */ = {isa = PBXFileReference; lastKnownFileType = image.png; path = Bacon.png; sourceTree = "<group>"; };
		ABEBF9C61FBF93C400023946 /* Carroll.png */ = {isa = PBXFileReference; lastKnownFileType = image.png; path = Carroll.png; sourceTree = "<group>"; };
		ABEBF9C71FBF93C400023946 /* Dostoevsky.png */ = {isa = PBXFileReference; lastKnownFileType = image.png; path = Dostoevsky.png; sourceTree = "<group>"; };
		ABEBF9C81FBF93C400023946 /* Eliot.png */ = {isa = PBXFileReference; lastKnownFileType = image.png; path = Eliot.png; sourceTree = "<group>"; };
		ABEBF9C91FBF93C400023946 /* Emerson.png */ = {isa = PBXFileReference; lastKnownFileType = image.png; path = Emerson.png; sourceTree = "<group>"; };
		ABEBF9CA1FBF93C400023946 /* Hemingway.png */ = {isa = PBXFileReference; lastKnownFileType = image.png; path = Hemingway.png; sourceTree = "<group>"; };
		ABEBF9CB1FBF93C400023946 /* Milne.png */ = {isa = PBXFileReference; lastKnownFileType = image.png; path = Milne.png; sourceTree = "<group>"; };
		ABEBF9CC1FBF93C400023946 /* More.png */ = {isa = PBXFileReference; lastKnownFileType = image.png; path = More.png; sourceTree = "<group>"; };
		ABEBF9CD1FBF93C400023946 /* Newton.png */ = {isa = PBXFileReference; lastKnownFileType = image.png; path = Newton.png; sourceTree = "<group>"; };
		ABEBF9CE1FBF93C400023946 /* NoImage.png */ = {isa = PBXFileReference; lastKnownFileType = image.png; path = NoImage.png; sourceTree = "<group>"; };
		ABEBF9CF1FBF93C400023946 /* Shakespeare.png */ = {isa = PBXFileReference; lastKnownFileType = image.png; path = Shakespeare.png; sourceTree = "<group>"; };
		ABEBF9D01FBF93C400023946 /* Thoreau.jpg */ = {isa = PBXFileReference; lastKnownFileType = image.jpeg; path = Thoreau.jpg; sourceTree = "<group>"; };
		ABEBF9D11FBF93C400023946 /* Tolstoy.png */ = {isa = PBXFileReference; lastKnownFileType = image.png; path = Tolstoy.png; sourceTree = "<group>"; };
		ABEBF9D21FBF93C400023946 /* Twain.png */ = {isa = PBXFileReference; lastKnownFileType = image.png; path = Twain.png; sourceTree = "<group>"; };
		ABEBF9D31FBF93C400023946 /* Wells.png */ = {isa = PBXFileReference; lastKnownFileType = image.png; path = Wells.png; sourceTree = "<group>"; };
		ABEBF9D41FBF93C400023946 /* Whitman.png */ = {isa = PBXFileReference; lastKnownFileType = image.png; path = Whitman.png; sourceTree = "<group>"; };
		ABF48EC81FBCDF4200516608 /* Base */ = {isa = PBXFileReference; lastKnownFileType = file.storyboard; name = Base; path = ReadingList/Base.lproj/BookDetail.storyboard; sourceTree = "<group>"; };
		ABF48ECA1FBCE1E200516608 /* AddBook.storyboard */ = {isa = PBXFileReference; fileEncoding = 4; lastKnownFileType = file.storyboard; path = AddBook.storyboard; sourceTree = "<group>"; };
		ABF48ECD1FBCF49A00516608 /* Author.swift */ = {isa = PBXFileReference; fileEncoding = 4; lastKnownFileType = sourcecode.swift; path = Author.swift; sourceTree = "<group>"; };
		ABF48ECE1FBCF49A00516608 /* Book.swift */ = {isa = PBXFileReference; fileEncoding = 4; lastKnownFileType = sourcecode.swift; path = Book.swift; sourceTree = "<group>"; };
		ABF48ECF1FBCF49A00516608 /* BooksAndAuthors.plist */ = {isa = PBXFileReference; lastKnownFileType = text.plist; path = BooksAndAuthors.plist; sourceTree = "<group>"; };
		ABF48ED01FBCF49A00516608 /* Info.plist */ = {isa = PBXFileReference; fileEncoding = 4; lastKnownFileType = text.plist.xml; path = Info.plist; sourceTree = "<group>"; };
		ABF48ED11FBCF49A00516608 /* ModelObject.swift */ = {isa = PBXFileReference; fileEncoding = 4; lastKnownFileType = sourcecode.swift; path = ModelObject.swift; sourceTree = "<group>"; };
		ABF48ED21FBCF49A00516608 /* ReadingList.swift */ = {isa = PBXFileReference; fileEncoding = 4; lastKnownFileType = sourcecode.swift; path = ReadingList.swift; sourceTree = "<group>"; };
		ABF48ED31FBCF49A00516608 /* ReadingListModel.h */ = {isa = PBXFileReference; fileEncoding = 4; lastKnownFileType = sourcecode.c.h; path = ReadingListModel.h; sourceTree = "<group>"; };
		ABF48ED41FBCF49A00516608 /* ReadingListStore.swift */ = {isa = PBXFileReference; fileEncoding = 4; lastKnownFileType = sourcecode.swift; path = ReadingListStore.swift; sourceTree = "<group>"; };
/* End PBXFileReference section */

/* Begin PBXFrameworksBuildPhase section */
		AB45B33D1FBCA49600D360C6 /* Frameworks */ = {
			isa = PBXFrameworksBuildPhase;
			buildActionMask = 2147483647;
			files = (
			);
			runOnlyForDeploymentPostprocessing = 0;
		};
/* End PBXFrameworksBuildPhase section */

/* Begin PBXGroup section */
		AB45B3371FBCA49600D360C6 = {
			isa = PBXGroup;
			children = (
				ABF48ECC1FBCF49A00516608 /* ReadingListModel */,
				AB45B3421FBCA49600D360C6 /* ReadingList */,
				AB45B3411FBCA49600D360C6 /* Products */,
			);
			sourceTree = "<group>";
		};
		AB45B3411FBCA49600D360C6 /* Products */ = {
			isa = PBXGroup;
			children = (
				AB45B3401FBCA49600D360C6 /* ReadingList.app */,
			);
			name = Products;
			sourceTree = "<group>";
		};
		AB45B3421FBCA49600D360C6 /* ReadingList */ = {
			isa = PBXGroup;
			children = (
				AB45B3431FBCA49600D360C6 /* AppDelegate.swift */,
				AB1AE2861FBE2D8100048091 /* BookDataSource.swift */,
				AB8894D71FBCD8B7001AF2CB /* ReadingListController.swift */,
				AB44A4BA1FBCDD2C006F5316 /* BookDetailController.swift */,
				AB6DA1951FBDECD400242085 /* EditBookController.swift */,
				AB6DA1971FBDEDCA00242085 /* EditBookCell.swift */,
				AB1AE2841FBE1A8800048091 /* AddBookController.swift */,
				AB6DA1991FBDF82500242085 /* UIStoryboardSegue+ReadingListAdditions.swift */,
				ABEBF9BF1FBF7EF000023946 /* UndoManaging.swift */,
				ABF48ECA1FBCE1E200516608 /* AddBook.storyboard */,
				ABF48EC71FBCDF4200516608 /* BookDetail.storyboard */,
				AB45B3471FBCA49600D360C6 /* Main.storyboard */,
				ABEBF9C11FBF7FFF00023946 /* UndoRedo.xib */,
				AB45B34A1FBCA49600D360C6 /* Assets.xcassets */,
				AB45B34C1FBCA49600D360C6 /* LaunchScreen.storyboard */,
				AB45B34F1FBCA49600D360C6 /* Info.plist */,
			);
			path = ReadingList;
			sourceTree = "<group>";
		};
		ABEBF9C31FBF93C400023946 /* Images */ = {
			isa = PBXGroup;
			children = (
				ABEBF9C41FBF93C400023946 /* Austen.png */,
				ABEBF9C51FBF93C400023946 /* Bacon.png */,
				ABEBF9C61FBF93C400023946 /* Carroll.png */,
				ABEBF9C71FBF93C400023946 /* Dostoevsky.png */,
				ABEBF9C81FBF93C400023946 /* Eliot.png */,
				ABEBF9C91FBF93C400023946 /* Emerson.png */,
				ABEBF9CA1FBF93C400023946 /* Hemingway.png */,
				ABEBF9CB1FBF93C400023946 /* Milne.png */,
				ABEBF9CC1FBF93C400023946 /* More.png */,
				ABEBF9CD1FBF93C400023946 /* Newton.png */,
				ABEBF9CE1FBF93C400023946 /* NoImage.png */,
				ABEBF9CF1FBF93C400023946 /* Shakespeare.png */,
				ABEBF9D01FBF93C400023946 /* Thoreau.jpg */,
				ABEBF9D11FBF93C400023946 /* Tolstoy.png */,
				ABEBF9D21FBF93C400023946 /* Twain.png */,
				ABEBF9D31FBF93C400023946 /* Wells.png */,
				ABEBF9D41FBF93C400023946 /* Whitman.png */,
			);
			name = Images;
			path = ../../Images;
			sourceTree = "<group>";
		};
		ABF48ECC1FBCF49A00516608 /* ReadingListModel */ = {
			isa = PBXGroup;
			children = (
				ABEBF9C31FBF93C400023946 /* Images */,
				ABF48ECD1FBCF49A00516608 /* Author.swift */,
				ABF48ECE1FBCF49A00516608 /* Book.swift */,
				ABF48ECF1FBCF49A00516608 /* BooksAndAuthors.plist */,
				ABF48ED01FBCF49A00516608 /* Info.plist */,
				ABF48ED11FBCF49A00516608 /* ModelObject.swift */,
				ABF48ED21FBCF49A00516608 /* ReadingList.swift */,
				ABF48ED31FBCF49A00516608 /* ReadingListModel.h */,
				ABF48ED41FBCF49A00516608 /* ReadingListStore.swift */,
			);
			path = ReadingListModel;
			sourceTree = "<group>";
		};
/* End PBXGroup section */

/* Begin PBXNativeTarget section */
		AB45B33F1FBCA49600D360C6 /* ReadingList */ = {
			isa = PBXNativeTarget;
			buildConfigurationList = AB45B3521FBCA49600D360C6 /* Build configuration list for PBXNativeTarget "ReadingList" */;
			buildPhases = (
				AB45B33C1FBCA49600D360C6 /* Sources */,
				AB45B33D1FBCA49600D360C6 /* Frameworks */,
				AB45B33E1FBCA49600D360C6 /* Resources */,
			);
			buildRules = (
			);
			dependencies = (
			);
			name = ReadingList;
			productName = ReadingList;
			productReference = AB45B3401FBCA49600D360C6 /* ReadingList.app */;
			productType = "com.apple.product-type.application";
		};
/* End PBXNativeTarget section */

/* Begin PBXProject section */
		AB45B3381FBCA49600D360C6 /* Project object */ = {
			isa = PBXProject;
			attributes = {
				LastSwiftUpdateCheck = 0900;
				LastUpgradeCheck = 0900;
				ORGANIZATIONNAME = "About Objects";
				TargetAttributes = {
					AB45B33F1FBCA49600D360C6 = {
						CreatedOnToolsVersion = 9.0;
						ProvisioningStyle = Automatic;
					};
				};
			};
			buildConfigurationList = AB45B33B1FBCA49600D360C6 /* Build configuration list for PBXProject "ReadingList" */;
			compatibilityVersion = "Xcode 8.0";
			developmentRegion = en;
			hasScannedForEncodings = 0;
			knownRegions = (
				en,
				Base,
			);
			mainGroup = AB45B3371FBCA49600D360C6;
			productRefGroup = AB45B3411FBCA49600D360C6 /* Products */;
			projectDirPath = "";
			projectRoot = "";
			targets = (
				AB45B33F1FBCA49600D360C6 /* ReadingList */,
			);
		};
/* End PBXProject section */

/* Begin PBXResourcesBuildPhase section */
		AB45B33E1FBCA49600D360C6 /* Resources */ = {
			isa = PBXResourcesBuildPhase;
			buildActionMask = 2147483647;
			files = (
				ABEBF9D81FBF93C400023946 /* Dostoevsky.png in Resources */,
				ABEBF9DC1FBF93C400023946 /* Milne.png in Resources */,
				ABF48ED71FBCF49A00516608 /* BooksAndAuthors.plist in Resources */,
				ABEBF9E41FBF93C400023946 /* Wells.png in Resources */,
				ABEBF9D61FBF93C400023946 /* Bacon.png in Resources */,
				ABEBF9DA1FBF93C400023946 /* Emerson.png in Resources */,
				AB45B34E1FBCA49600D360C6 /* LaunchScreen.storyboard in Resources */,
				AB45B34B1FBCA49600D360C6 /* Assets.xcassets in Resources */,
				ABEBF9D51FBF93C400023946 /* Austen.png in Resources */,
				ABF48EC91FBCDF4200516608 /* BookDetail.storyboard in Resources */,
				ABEBF9D71FBF93C400023946 /* Carroll.png in Resources */,
				ABEBF9D91FBF93C400023946 /* Eliot.png in Resources */,
				ABEBF9E51FBF93C400023946 /* Whitman.png in Resources */,
				ABEBF9DF1FBF93C400023946 /* NoImage.png in Resources */,
				ABEBF9DB1FBF93C400023946 /* Hemingway.png in Resources */,
				ABF48ECB1FBCE1E200516608 /* AddBook.storyboard in Resources */,
				ABEBF9E21FBF93C400023946 /* Tolstoy.png in Resources */,
				ABEBF9E01FBF93C400023946 /* Shakespeare.png in Resources */,
				ABEBF9C21FBF7FFF00023946 /* UndoRedo.xib in Resources */,
				ABEBF9DE1FBF93C400023946 /* Newton.png in Resources */,
				AB45B3491FBCA49600D360C6 /* Main.storyboard in Resources */,
				ABEBF9E31FBF93C400023946 /* Twain.png in Resources */,
				ABEBF9E11FBF93C400023946 /* Thoreau.jpg in Resources */,
				ABEBF9DD1FBF93C400023946 /* More.png in Resources */,
				ABF48ED81FBCF49A00516608 /* Info.plist in Resources */,
			);
			runOnlyForDeploymentPostprocessing = 0;
		};
/* End PBXResourcesBuildPhase section */

/* Begin PBXSourcesBuildPhase section */
		AB45B33C1FBCA49600D360C6 /* Sources */ = {
			isa = PBXSourcesBuildPhase;
			buildActionMask = 2147483647;
			files = (
				AB6DA1981FBDEDCA00242085 /* EditBookCell.swift in Sources */,
				AB6DA19A1FBDF82500242085 /* UIStoryboardSegue+ReadingListAdditions.swift in Sources */,
				AB8894D81FBCD8B7001AF2CB /* ReadingListController.swift in Sources */,
				AB44A4BB1FBCDD2C006F5316 /* BookDetailController.swift in Sources */,
				AB1AE2871FBE2D8100048091 /* BookDataSource.swift in Sources */,
				ABF48ED51FBCF49A00516608 /* Author.swift in Sources */,
				ABF48ED61FBCF49A00516608 /* Book.swift in Sources */,
				AB1AE2851FBE1A8800048091 /* AddBookController.swift in Sources */,
				ABF48EDB1FBCF49A00516608 /* ReadingListStore.swift in Sources */,
				ABF48ED91FBCF49A00516608 /* ModelObject.swift in Sources */,
				ABF48EDA1FBCF49A00516608 /* ReadingList.swift in Sources */,
				AB6DA1961FBDECD400242085 /* EditBookController.swift in Sources */,
				AB45B3441FBCA49600D360C6 /* AppDelegate.swift in Sources */,
				ABEBF9C01FBF7EF000023946 /* UndoManaging.swift in Sources */,
			);
			runOnlyForDeploymentPostprocessing = 0;
		};
/* End PBXSourcesBuildPhase section */

/* Begin PBXVariantGroup section */
		AB45B3471FBCA49600D360C6 /* Main.storyboard */ = {
			isa = PBXVariantGroup;
			children = (
				AB45B3481FBCA49600D360C6 /* Base */,
			);
			name = Main.storyboard;
			sourceTree = "<group>";
		};
		AB45B34C1FBCA49600D360C6 /* LaunchScreen.storyboard */ = {
			isa = PBXVariantGroup;
			children = (
				AB45B34D1FBCA49600D360C6 /* Base */,
			);
			name = LaunchScreen.storyboard;
			sourceTree = "<group>";
		};
		ABF48EC71FBCDF4200516608 /* BookDetail.storyboard */ = {
			isa = PBXVariantGroup;
			children = (
				ABF48EC81FBCDF4200516608 /* Base */,
			);
			name = BookDetail.storyboard;
			sourceTree = "<group>";
		};
/* End PBXVariantGroup section */

/* Begin XCBuildConfiguration section */
		AB45B3501FBCA49600D360C6 /* Debug */ = {
			isa = XCBuildConfiguration;
			buildSettings = {
				ALWAYS_SEARCH_USER_PATHS = NO;
				CLANG_ANALYZER_NONNULL = YES;
				CLANG_ANALYZER_NUMBER_OBJECT_CONVERSION = YES_AGGRESSIVE;
				CLANG_CXX_LANGUAGE_STANDARD = "gnu++14";
				CLANG_CXX_LIBRARY = "libc++";
				CLANG_ENABLE_MODULES = YES;
				CLANG_ENABLE_OBJC_ARC = YES;
				CLANG_WARN_BLOCK_CAPTURE_AUTORELEASING = YES;
				CLANG_WARN_BOOL_CONVERSION = YES;
				CLANG_WARN_COMMA = YES;
				CLANG_WARN_CONSTANT_CONVERSION = YES;
				CLANG_WARN_DIRECT_OBJC_ISA_USAGE = YES_ERROR;
				CLANG_WARN_DOCUMENTATION_COMMENTS = YES;
				CLANG_WARN_EMPTY_BODY = YES;
				CLANG_WARN_ENUM_CONVERSION = YES;
				CLANG_WARN_INFINITE_RECURSION = YES;
				CLANG_WARN_INT_CONVERSION = YES;
				CLANG_WARN_NON_LITERAL_NULL_CONVERSION = YES;
				CLANG_WARN_OBJC_LITERAL_CONVERSION = YES;
				CLANG_WARN_OBJC_ROOT_CLASS = YES_ERROR;
				CLANG_WARN_RANGE_LOOP_ANALYSIS = YES;
				CLANG_WARN_STRICT_PROTOTYPES = YES;
				CLANG_WARN_SUSPICIOUS_MOVE = YES;
				CLANG_WARN_UNGUARDED_AVAILABILITY = YES_AGGRESSIVE;
				CLANG_WARN_UNREACHABLE_CODE = YES;
				CLANG_WARN__DUPLICATE_METHOD_MATCH = YES;
				CODE_SIGN_IDENTITY = "iPhone Developer";
				COPY_PHASE_STRIP = NO;
				DEBUG_INFORMATION_FORMAT = dwarf;
				ENABLE_STRICT_OBJC_MSGSEND = YES;
				ENABLE_TESTABILITY = YES;
				GCC_C_LANGUAGE_STANDARD = gnu11;
				GCC_DYNAMIC_NO_PIC = NO;
				GCC_NO_COMMON_BLOCKS = YES;
				GCC_OPTIMIZATION_LEVEL = 0;
				GCC_PREPROCESSOR_DEFINITIONS = (
					"DEBUG=1",
					"$(inherited)",
				);
				GCC_WARN_64_TO_32_BIT_CONVERSION = YES;
				GCC_WARN_ABOUT_RETURN_TYPE = YES_ERROR;
				GCC_WARN_UNDECLARED_SELECTOR = YES;
				GCC_WARN_UNINITIALIZED_AUTOS = YES_AGGRESSIVE;
				GCC_WARN_UNUSED_FUNCTION = YES;
				GCC_WARN_UNUSED_VARIABLE = YES;
				IPHONEOS_DEPLOYMENT_TARGET = 11.0;
				MTL_ENABLE_DEBUG_INFO = YES;
				ONLY_ACTIVE_ARCH = YES;
				SDKROOT = iphoneos;
				SWIFT_ACTIVE_COMPILATION_CONDITIONS = DEBUG;
				SWIFT_OPTIMIZATION_LEVEL = "-Onone";
			};
			name = Debug;
		};
		AB45B3511FBCA49600D360C6 /* Release */ = {
			isa = XCBuildConfiguration;
			buildSettings = {
				ALWAYS_SEARCH_USER_PATHS = NO;
				CLANG_ANALYZER_NONNULL = YES;
				CLANG_ANALYZER_NUMBER_OBJECT_CONVERSION = YES_AGGRESSIVE;
				CLANG_CXX_LANGUAGE_STANDARD = "gnu++14";
				CLANG_CXX_LIBRARY = "libc++";
				CLANG_ENABLE_MODULES = YES;
				CLANG_ENABLE_OBJC_ARC = YES;
				CLANG_WARN_BLOCK_CAPTURE_AUTORELEASING = YES;
				CLANG_WARN_BOOL_CONVERSION = YES;
				CLANG_WARN_COMMA = YES;
				CLANG_WARN_CONSTANT_CONVERSION = YES;
				CLANG_WARN_DIRECT_OBJC_ISA_USAGE = YES_ERROR;
				CLANG_WARN_DOCUMENTATION_COMMENTS = YES;
				CLANG_WARN_EMPTY_BODY = YES;
				CLANG_WARN_ENUM_CONVERSION = YES;
				CLANG_WARN_INFINITE_RECURSION = YES;
				CLANG_WARN_INT_CONVERSION = YES;
				CLANG_WARN_NON_LITERAL_NULL_CONVERSION = YES;
				CLANG_WARN_OBJC_LITERAL_CONVERSION = YES;
				CLANG_WARN_OBJC_ROOT_CLASS = YES_ERROR;
				CLANG_WARN_RANGE_LOOP_ANALYSIS = YES;
				CLANG_WARN_STRICT_PROTOTYPES = YES;
				CLANG_WARN_SUSPICIOUS_MOVE = YES;
				CLANG_WARN_UNGUARDED_AVAILABILITY = YES_AGGRESSIVE;
				CLANG_WARN_UNREACHABLE_CODE = YES;
				CLANG_WARN__DUPLICATE_METHOD_MATCH = YES;
				CODE_SIGN_IDENTITY = "iPhone Developer";
				COPY_PHASE_STRIP = NO;
				DEBUG_INFORMATION_FORMAT = "dwarf-with-dsym";
				ENABLE_NS_ASSERTIONS = NO;
				ENABLE_STRICT_OBJC_MSGSEND = YES;
				GCC_C_LANGUAGE_STANDARD = gnu11;
				GCC_NO_COMMON_BLOCKS = YES;
				GCC_WARN_64_TO_32_BIT_CONVERSION = YES;
				GCC_WARN_ABOUT_RETURN_TYPE = YES_ERROR;
				GCC_WARN_UNDECLARED_SELECTOR = YES;
				GCC_WARN_UNINITIALIZED_AUTOS = YES_AGGRESSIVE;
				GCC_WARN_UNUSED_FUNCTION = YES;
				GCC_WARN_UNUSED_VARIABLE = YES;
				IPHONEOS_DEPLOYMENT_TARGET = 11.0;
				MTL_ENABLE_DEBUG_INFO = NO;
				SDKROOT = iphoneos;
				SWIFT_OPTIMIZATION_LEVEL = "-Owholemodule";
				VALIDATE_PRODUCT = YES;
			};
			name = Release;
		};
		AB45B3531FBCA49600D360C6 /* Debug */ = {
			isa = XCBuildConfiguration;
			buildSettings = {
				ASSETCATALOG_COMPILER_APPICON_NAME = AppIcon;
				CODE_SIGN_STYLE = Automatic;
				DEVELOPMENT_TEAM = 7J7LD9SB6Q;
				INFOPLIST_FILE = ReadingList/Info.plist;
				LD_RUNPATH_SEARCH_PATHS = "$(inherited) @executable_path/Frameworks";
				PRODUCT_BUNDLE_IDENTIFIER = com.aboutobjects.ReadingList;
				PRODUCT_NAME = "$(TARGET_NAME)";
				SWIFT_VERSION = 4.0;
				TARGETED_DEVICE_FAMILY = "1,2";
			};
			name = Debug;
		};
		AB45B3541FBCA49600D360C6 /* Release */ = {
			isa = XCBuildConfiguration;
			buildSettings = {
				ASSETCATALOG_COMPILER_APPICON_NAME = AppIcon;
				CODE_SIGN_STYLE = Automatic;
				DEVELOPMENT_TEAM = 7J7LD9SB6Q;
				INFOPLIST_FILE = ReadingList/Info.plist;
				LD_RUNPATH_SEARCH_PATHS = "$(inherited) @executable_path/Frameworks";
				PRODUCT_BUNDLE_IDENTIFIER = com.aboutobjects.ReadingList;
				PRODUCT_NAME = "$(TARGET_NAME)";
				SWIFT_VERSION = 4.0;
				TARGETED_DEVICE_FAMILY = "1,2";
			};
			name = Release;
		};
/* End XCBuildConfiguration section */

/* Begin XCConfigurationList section */
		AB45B33B1FBCA49600D360C6 /* Build configuration list for PBXProject "ReadingList" */ = {
			isa = XCConfigurationList;
			buildConfigurations = (
				AB45B3501FBCA49600D360C6 /* Debug */,
				AB45B3511FBCA49600D360C6 /* Release */,
			);
			defaultConfigurationIsVisible = 0;
			defaultConfigurationName = Release;
		};
		AB45B3521FBCA49600D360C6 /* Build configuration list for PBXNativeTarget "ReadingList" */ = {
			isa = XCConfigurationList;
			buildConfigurations = (
				AB45B3531FBCA49600D360C6 /* Debug */,
				AB45B3541FBCA49600D360C6 /* Release */,
			);
			defaultConfigurationIsVisible = 0;
			defaultConfigurationName = Release;
		};
/* End XCConfigurationList section */
	};
	rootObject = AB45B3381FBCA49600D360C6 /* Project object */;
}
